
Microsoft Visual Studio Solution File, Format Version 12.00
# Visual Studio Version 17
VisualStudioVersion = 17.10.35013.160
MinimumVisualStudioVersion = 10.0.40219.1
Project("{FAE04EC0-301F-11D3-BF4B-00C04F79EFBC}") = "3ISIP-322_PYSHONIN_STEPENKOV", "3ISIP-322_PYSHONIN_STEPENKOV\3ISIP-322_PYSHONIN_STEPENKOV.csproj", "{082CA500-A39D-4333-84E5-4139C9B333F7}"
EndProject
Global
	GlobalSection(SolutionConfigurationPlatforms) = preSolution
		Debug|Any CPU = Debug|Any CPU
		Release|Any CPU = Release|Any CPU
	EndGlobalSection
	GlobalSection(ProjectConfigurationPlatforms) = postSolution
		{082CA500-A39D-4333-84E5-4139C9B333F7}.Debug|Any CPU.ActiveCfg = Debug|Any CPU
		{082CA500-A39D-4333-84E5-4139C9B333F7}.Debug|Any CPU.Build.0 = Debug|Any CPU
		{082CA500-A39D-4333-84E5-4139C9B333F7}.Release|Any CPU.ActiveCfg = Release|Any CPU
		{082CA500-A39D-4333-84E5-4139C9B333F7}.Release|Any CPU.Build.0 = Release|Any CPU
	EndGlobalSection
	GlobalSection(SolutionProperties) = preSolution
		HideSolutionNode = FALSE
	EndGlobalSection
	GlobalSection(ExtensibilityGlobals) = postSolution
		SolutionGuid = {68865CF9-A7F8-4A35-BDE0-18AB53228BE5}
	EndGlobalSection
EndGlobal
